
Microsoft Visual Studio Solution File, Format Version 12.00
# Visual Studio Version 16
VisualStudioVersion = 16.0.30309.148
MinimumVisualStudioVersion = 10.0.40219.1
Project("{FAE04EC0-301F-11D3-BF4B-00C04F79EFBC}") = "PlantSummaryExcelGeneration", "PlantSummaryExcelGeneration\PlantSummaryExcelGeneration.csproj", "{EDC3422A-BFE8-46C3-9C2D-B839CB58F317}"
EndProject
Global
	GlobalSection(SolutionConfigurationPlatforms) = preSolution
		Debug|Any CPU = Debug|Any CPU
		Release|Any CPU = Release|Any CPU
	EndGlobalSection
	GlobalSection(ProjectConfigurationPlatforms) = postSolution
		{EDC3422A-BFE8-46C3-9C2D-B839CB58F317}.Debug|Any CPU.ActiveCfg = Debug|Any CPU
		{EDC3422A-BFE8-46C3-9C2D-B839CB58F317}.Debug|Any CPU.Build.0 = Debug|Any CPU
		{EDC3422A-BFE8-46C3-9C2D-B839CB58F317}.Release|Any CPU.ActiveCfg = Release|Any CPU
		{EDC3422A-BFE8-46C3-9C2D-B839CB58F317}.Release|Any CPU.Build.0 = Release|Any CPU
	EndGlobalSection
	GlobalSection(SolutionProperties) = preSolution
		HideSolutionNode = FALSE
	EndGlobalSection
	GlobalSection(ExtensibilityGlobals) = postSolution
		SolutionGuid = {67F3A7B5-6E21-4A2F-B8E8-02CB45BB2B95}
	EndGlobalSection
EndGlobal
